
Microsoft Visual Studio Solution File, Format Version 12.00
# Visual Studio Version 16
VisualStudioVersion = 16.0.30509.190
MinimumVisualStudioVersion = 10.0.40219.1
Project("{9A19103F-16F7-4668-BE54-9A1E7A4F7556}") = "PizzApp.Admin", "PizzApp.Admin\PizzApp.Admin.csproj", "{6711CD3C-486C-44AB-94F1-AFFEA69EDBCD}"
EndProject
Project("{FAE04EC0-301F-11D3-BF4B-00C04F79EFBC}") = "PizzApp.Domain", "PizzApp.Domain\PizzApp.Domain.csproj", "{B1168731-60B7-4D00-9230-2C327E03B67A}"
EndProject
Global
	GlobalSection(SolutionConfigurationPlatforms) = preSolution
		Debug|Any CPU = Debug|Any CPU
		Release|Any CPU = Release|Any CPU
	EndGlobalSection
	GlobalSection(ProjectConfigurationPlatforms) = postSolution
		{6711CD3C-486C-44AB-94F1-AFFEA69EDBCD}.Debug|Any CPU.ActiveCfg = Debug|Any CPU
		{6711CD3C-486C-44AB-94F1-AFFEA69EDBCD}.Debug|Any CPU.Build.0 = Debug|Any CPU
		{6711CD3C-486C-44AB-94F1-AFFEA69EDBCD}.Release|Any CPU.ActiveCfg = Release|Any CPU
		{6711CD3C-486C-44AB-94F1-AFFEA69EDBCD}.Release|Any CPU.Build.0 = Release|Any CPU
		{B1168731-60B7-4D00-9230-2C327E03B67A}.Debug|Any CPU.ActiveCfg = Debug|Any CPU
		{B1168731-60B7-4D00-9230-2C327E03B67A}.Debug|Any CPU.Build.0 = Debug|Any CPU
		{B1168731-60B7-4D00-9230-2C327E03B67A}.Release|Any CPU.ActiveCfg = Release|Any CPU
		{B1168731-60B7-4D00-9230-2C327E03B67A}.Release|Any CPU.Build.0 = Release|Any CPU
	EndGlobalSection
	GlobalSection(SolutionProperties) = preSolution
		HideSolutionNode = FALSE
	EndGlobalSection
	GlobalSection(ExtensibilityGlobals) = postSolution
		SolutionGuid = {021177AE-8E56-4BD3-94BE-FD2F222E2FB8}
	EndGlobalSection
EndGlobal
